
Microsoft Visual Studio Solution File, Format Version 12.00
# Visual Studio Version 17
VisualStudioVersion = 17.1.32319.34
MinimumVisualStudioVersion = 10.0.40219.1
Project("{9A19103F-16F7-4668-BE54-9A1E7A4F7556}") = "Funkee", "Funkee\Funkee.csproj", "{68C44552-C2E3-46FB-9348-293D5E12D7F6}"
EndProject
Project("{9A19103F-16F7-4668-BE54-9A1E7A4F7556}") = "Funkee.Tests", "Funkee.Tests\Funkee.Tests.csproj", "{19AA5910-22C5-415B-ACC6-8AC7AAFEA18C}"
EndProject
Global
	GlobalSection(SolutionConfigurationPlatforms) = preSolution
		Debug|Any CPU = Debug|Any CPU
		Release|Any CPU = Release|Any CPU
	EndGlobalSection
	GlobalSection(ProjectConfigurationPlatforms) = postSolution
		{68C44552-C2E3-46FB-9348-293D5E12D7F6}.Debug|Any CPU.ActiveCfg = Debug|Any CPU
		{68C44552-C2E3-46FB-9348-293D5E12D7F6}.Debug|Any CPU.Build.0 = Debug|Any CPU
		{68C44552-C2E3-46FB-9348-293D5E12D7F6}.Release|Any CPU.ActiveCfg = Release|Any CPU
		{68C44552-C2E3-46FB-9348-293D5E12D7F6}.Release|Any CPU.Build.0 = Release|Any CPU
		{19AA5910-22C5-415B-ACC6-8AC7AAFEA18C}.Debug|Any CPU.ActiveCfg = Debug|Any CPU
		{19AA5910-22C5-415B-ACC6-8AC7AAFEA18C}.Debug|Any CPU.Build.0 = Debug|Any CPU
		{19AA5910-22C5-415B-ACC6-8AC7AAFEA18C}.Release|Any CPU.ActiveCfg = Release|Any CPU
		{19AA5910-22C5-415B-ACC6-8AC7AAFEA18C}.Release|Any CPU.Build.0 = Release|Any CPU
	EndGlobalSection
	GlobalSection(SolutionProperties) = preSolution
		HideSolutionNode = FALSE
	EndGlobalSection
	GlobalSection(ExtensibilityGlobals) = postSolution
		SolutionGuid = {17E7E7DE-5BF9-4618-B2CB-1DB4DC49A744}
	EndGlobalSection
EndGlobal
